
Microsoft Visual Studio Solution File, Format Version 12.00
# Visual Studio Version 17
VisualStudioVersion = 17.0.32126.317
MinimumVisualStudioVersion = 10.0.40219.1
Project("{FAE04EC0-301F-11D3-BF4B-00C04F79EFBC}") = "SuggestionAppWithTimCoreyUI", "SuggestionAppWithTimCoreyUI\SuggestionAppWithTimCoreyUI.csproj", "{C57120DD-2F19-424F-9731-C45C42E1D18A}"
EndProject
Project("{FAE04EC0-301F-11D3-BF4B-00C04F79EFBC}") = "SuggestionAppLibrary", "SuggestionAppLibrary\SuggestionAppLibrary.csproj", "{5711569A-03A4-4447-BFC7-FDA30BA9496F}"
EndProject
Global
	GlobalSection(SolutionConfigurationPlatforms) = preSolution
		Debug|Any CPU = Debug|Any CPU
		Release|Any CPU = Release|Any CPU
	EndGlobalSection
	GlobalSection(ProjectConfigurationPlatforms) = postSolution
		{C57120DD-2F19-424F-9731-C45C42E1D18A}.Debug|Any CPU.ActiveCfg = Debug|Any CPU
		{C57120DD-2F19-424F-9731-C45C42E1D18A}.Debug|Any CPU.Build.0 = Debug|Any CPU
		{C57120DD-2F19-424F-9731-C45C42E1D18A}.Release|Any CPU.ActiveCfg = Release|Any CPU
		{C57120DD-2F19-424F-9731-C45C42E1D18A}.Release|Any CPU.Build.0 = Release|Any CPU
		{5711569A-03A4-4447-BFC7-FDA30BA9496F}.Debug|Any CPU.ActiveCfg = Debug|Any CPU
		{5711569A-03A4-4447-BFC7-FDA30BA9496F}.Debug|Any CPU.Build.0 = Debug|Any CPU
		{5711569A-03A4-4447-BFC7-FDA30BA9496F}.Release|Any CPU.ActiveCfg = Release|Any CPU
		{5711569A-03A4-4447-BFC7-FDA30BA9496F}.Release|Any CPU.Build.0 = Release|Any CPU
	EndGlobalSection
	GlobalSection(SolutionProperties) = preSolution
		HideSolutionNode = FALSE
	EndGlobalSection
	GlobalSection(ExtensibilityGlobals) = postSolution
		SolutionGuid = {2EFA0C40-B2AD-4405-84C5-36E284F893B8}
	EndGlobalSection
EndGlobal
